# THIS IS AN AUTOGENERATED FILE. DO NOT EDIT THIS FILE DIRECTLY.
# yarn lockfile v1


"@blockstack/clarity-native-bin@^0.1.10-alpha.0":
  version "0.1.10-alpha.0"
  resolved "https://registry.yarnpkg.com/@blockstack/clarity-native-bin/-/clarity-native-bin-0.1.10-alpha.0.tgz#4d91905fa3da267ef53c92a9ba83c2258dc6a500"
  integrity sha512-wFvMbjFxh6vxxYI/sMPyAB/jl4OVCpmurZJL0B352ng1WWeZChQL6C6KH6Pp7eUx8yNRbVBSd6hcjU3reIbo+Q==
  dependencies:
    node-fetch "^2.6.0"
    semver "^6.1.1"
    tar "^4.4.8"

chownr@^1.1.1:
  version "1.1.2"
  resolved "https://registry.yarnpkg.com/chownr/-/chownr-1.1.2.tgz#a18f1e0b269c8a6a5d3c86eb298beb14c3dd7bf6"
  integrity sha512-GkfeAQh+QNy3wquu9oIZr6SS5x7wGdSgNQvD10X3r+AZr1Oys22HW8kAmDMvNg2+Dm0TeGaEuO8gFwdBXxwO8A==

fs-extra@^8.1.0:
  version "8.1.0"
  resolved "https://registry.yarnpkg.com/fs-extra/-/fs-extra-8.1.0.tgz#49d43c45a88cd9677668cb7be1b46efdb8d2e1c0"
  integrity sha512-yhlQgA6mnOJUKOsRUFsgJdQCvkKhcz8tlZG5HBQfReYZy46OwLcY+Zia0mtdHsOo9y/hP+CxMN0TU9QxoOtG4g==
  dependencies:
    graceful-fs "^4.2.0"
    jsonfile "^4.0.0"
    universalify "^0.1.0"

fs-minipass@^1.2.5:
  version "1.2.6"
  resolved "https://registry.yarnpkg.com/fs-minipass/-/fs-minipass-1.2.6.tgz#2c5cc30ded81282bfe8a0d7c7c1853ddeb102c07"
  integrity sha512-crhvyXcMejjv3Z5d2Fa9sf5xLYVCF5O1c71QxbVnbLsmYMBEvDAftewesN/HhY03YRoA7zOMxjNGrF5svGaaeQ==
  dependencies:
    minipass "^2.2.1"

graceful-fs@^4.1.6, graceful-fs@^4.2.0:
  version "4.2.0"
  resolved "https://registry.yarnpkg.com/graceful-fs/-/graceful-fs-4.2.0.tgz#8d8fdc73977cb04104721cb53666c1ca64cd328b"
  integrity sha512-jpSvDPV4Cq/bgtpndIWbI5hmYxhQGHPC4d4cqBPb4DLniCfhJokdXhwhaDuLBGLQdvvRum/UiX6ECVIPvDXqdg==

jsonfile@^4.0.0:
  version "4.0.0"
  resolved "https://registry.yarnpkg.com/jsonfile/-/jsonfile-4.0.0.tgz#8771aae0799b64076b76640fca058f9c10e33ecb"
  integrity sha1-h3Gq4HmbZAdrdmQPygWPnBDjPss=
  optionalDependencies:
    graceful-fs "^4.1.6"

minimist@0.0.8:
  version "0.0.8"
  resolved "https://registry.yarnpkg.com/minimist/-/minimist-0.0.8.tgz#857fcabfc3397d2625b8228262e86aa7a011b05d"
  integrity sha1-hX/Kv8M5fSYluCKCYuhqp6ARsF0=

minipass@^2.2.1, minipass@^2.3.5:
  version "2.3.5"
  resolved "https://registry.yarnpkg.com/minipass/-/minipass-2.3.5.tgz#cacebe492022497f656b0f0f51e2682a9ed2d848"
  integrity sha512-Gi1W4k059gyRbyVUZQ4mEqLm0YIUiGYfvxhF6SIlk3ui1WVxMTGfGdQ2SInh3PDrRTVvPKgULkpJtT4RH10+VA==
  dependencies:
    safe-buffer "^5.1.2"
    yallist "^3.0.0"

minizlib@^1.2.1:
  version "1.2.1"
  resolved "https://registry.yarnpkg.com/minizlib/-/minizlib-1.2.1.tgz#dd27ea6136243c7c880684e8672bb3a45fd9b614"
  integrity sha512-7+4oTUOWKg7AuL3vloEWekXY2/D20cevzsrNT2kGWm+39J9hGTCBv8VI5Pm5lXZ/o3/mdR4f8rflAPhnQb8mPA==
  dependencies:
    minipass "^2.2.1"

mkdirp@^0.5.0:
  version "0.5.1"
  resolved "https://registry.yarnpkg.com/mkdirp/-/mkdirp-0.5.1.tgz#30057438eac6cf7f8c4767f38648d6697d75c903"
  integrity sha1-MAV0OOrGz3+MR2fzhkjWaX11yQM=
  dependencies:
    minimist "0.0.8"

node-fetch@^2.6.0:
  version "2.6.0"
  resolved "https://registry.yarnpkg.com/node-fetch/-/node-fetch-2.6.0.tgz#e633456386d4aa55863f676a7ab0daa8fdecb0fd"
  integrity sha512-8dG4H5ujfvFiqDmVu9fQ5bOHUC15JMjMY/Zumv26oOvvVJjM67KF8koCWIabKQ1GJIa9r2mMZscBq/TbdOcmNA==

safe-buffer@^5.1.2:
  version "5.2.0"
  resolved "https://registry.yarnpkg.com/safe-buffer/-/safe-buffer-5.2.0.tgz#b74daec49b1148f88c64b68d49b1e815c1f2f519"
  integrity sha512-fZEwUGbVl7kouZs1jCdMLdt95hdIv0ZeHg6L7qPeciMZhZ+/gdesW4wgTARkrFWEpspjEATAzUGPG8N2jJiwbg==

semver@^6.1.1:
  version "6.3.1"
  resolved "https://registry.yarnpkg.com/semver/-/semver-6.3.1.tgz#556d2ef8689146e46dcea4bfdd095f3434dffcb4"
  integrity sha512-BR7VvDCVHO+q2xBEWskxS6DJE1qRnb7DxzUrogb71CWoSficBxYsiAGd+Kl0mmq/MprG9yArRkyrQxTO6XjMzA==

tar@^4.4.8:
  version "4.4.10"
  resolved "https://registry.yarnpkg.com/tar/-/tar-4.4.10.tgz#946b2810b9a5e0b26140cf78bea6b0b0d689eba1"
  integrity sha512-g2SVs5QIxvo6OLp0GudTqEf05maawKUxXru104iaayWA09551tFCTI8f1Asb4lPfkBr91k07iL4c11XO3/b0tA==
  dependencies:
    chownr "^1.1.1"
    fs-minipass "^1.2.5"
    minipass "^2.3.5"
    minizlib "^1.2.1"
    mkdirp "^0.5.0"
    safe-buffer "^5.1.2"
    yallist "^3.0.3"

universalify@^0.1.0:
  version "0.1.2"
  resolved "https://registry.yarnpkg.com/universalify/-/universalify-0.1.2.tgz#b646f69be3942dabcecc9d6639c80dc105efaa66"
  integrity sha512-rBJeI5CXAlmy1pV+617WB9J63U6XcazHHF2f2dbJix4XzpUF0RS3Zbj0FGIOCAva5P/d/GBOYaACQ1w+0azUkg==

yallist@^3.0.0, yallist@^3.0.3:
  version "3.0.3"
  resolved "https://registry.yarnpkg.com/yallist/-/yallist-3.0.3.tgz#b4b049e314be545e3ce802236d6cd22cd91c3de9"
  integrity sha512-S+Zk8DEWE6oKpV+vI3qWkaK+jSbIK86pCwe2IF/xwIpQ8jEuxpw9NyaGjmp9+BoJv5FV2piqCDcoCtStppiq2A==
